
Microsoft Visual Studio Solution File, Format Version 12.00
Project("{FAE04EC0-301F-11D3-BF4B-00C04F79EFBC}") = "op_homework_snake_game", "op_homework_snake_game.csproj", "{255F51F6-C9C5-4373-97F8-F1D8E69A31E7}"
EndProject
Global
	GlobalSection(SolutionConfigurationPlatforms) = preSolution
		Debug|Any CPU = Debug|Any CPU
		Release|Any CPU = Release|Any CPU
	EndGlobalSection
	GlobalSection(ProjectConfigurationPlatforms) = postSolution
		{255F51F6-C9C5-4373-97F8-F1D8E69A31E7}.Debug|Any CPU.ActiveCfg = Debug|Any CPU
		{255F51F6-C9C5-4373-97F8-F1D8E69A31E7}.Debug|Any CPU.Build.0 = Debug|Any CPU
		{255F51F6-C9C5-4373-97F8-F1D8E69A31E7}.Release|Any CPU.ActiveCfg = Release|Any CPU
		{255F51F6-C9C5-4373-97F8-F1D8E69A31E7}.Release|Any CPU.Build.0 = Release|Any CPU
	EndGlobalSection
EndGlobal
